
Microsoft Visual Studio Solution File, Format Version 12.00
# Visual Studio Version 16
VisualStudioVersion = 16.0.31205.134
MinimumVisualStudioVersion = 10.0.40219.1
Project("{9A19103F-16F7-4668-BE54-9A1E7A4F7556}") = "VRControleSolucao", "VRControleSolucao\VRControleSolucao.csproj", "{4020B0D6-63BB-4721-A800-CA3AD84EF15C}"
EndProject
Project("{FAE04EC0-301F-11D3-BF4B-00C04F79EFBC}") = "Ligarbase", "Ligarbase\Ligarbase.csproj", "{97681529-7680-4052-9C14-C69351609BED}"
EndProject
Global
	GlobalSection(SolutionConfigurationPlatforms) = preSolution
		Debug|Any CPU = Debug|Any CPU
		Release|Any CPU = Release|Any CPU
	EndGlobalSection
	GlobalSection(ProjectConfigurationPlatforms) = postSolution
		{4020B0D6-63BB-4721-A800-CA3AD84EF15C}.Debug|Any CPU.ActiveCfg = Debug|Any CPU
		{4020B0D6-63BB-4721-A800-CA3AD84EF15C}.Debug|Any CPU.Build.0 = Debug|Any CPU
		{4020B0D6-63BB-4721-A800-CA3AD84EF15C}.Release|Any CPU.ActiveCfg = Release|Any CPU
		{4020B0D6-63BB-4721-A800-CA3AD84EF15C}.Release|Any CPU.Build.0 = Release|Any CPU
		{97681529-7680-4052-9C14-C69351609BED}.Debug|Any CPU.ActiveCfg = Debug|Any CPU
		{97681529-7680-4052-9C14-C69351609BED}.Debug|Any CPU.Build.0 = Debug|Any CPU
		{97681529-7680-4052-9C14-C69351609BED}.Release|Any CPU.ActiveCfg = Release|Any CPU
		{97681529-7680-4052-9C14-C69351609BED}.Release|Any CPU.Build.0 = Release|Any CPU
	EndGlobalSection
	GlobalSection(SolutionProperties) = preSolution
		HideSolutionNode = FALSE
	EndGlobalSection
	GlobalSection(ExtensibilityGlobals) = postSolution
		SolutionGuid = {F7E1A339-1DD2-4945-A264-1CD7482879CD}
	EndGlobalSection
EndGlobal
